
Microsoft Visual Studio Solution File, Format Version 12.00
# Visual Studio Version 16
VisualStudioVersion = 16.0.31105.61
MinimumVisualStudioVersion = 10.0.40219.1
Project("{00D1A9C2-B5F0-4AF3-8072-F6C62B433612}") = "DoodleDb", "DoodleDb\DoodleDb.sqlproj", "{C2423603-953B-4264-A658-DE162F6BEB73}"
EndProject
Global
	GlobalSection(SolutionConfigurationPlatforms) = preSolution
		Debug|Any CPU = Debug|Any CPU
		Release|Any CPU = Release|Any CPU
	EndGlobalSection
	GlobalSection(ProjectConfigurationPlatforms) = postSolution
		{C2423603-953B-4264-A658-DE162F6BEB73}.Debug|Any CPU.ActiveCfg = Debug|Any CPU
		{C2423603-953B-4264-A658-DE162F6BEB73}.Debug|Any CPU.Build.0 = Debug|Any CPU
		{C2423603-953B-4264-A658-DE162F6BEB73}.Debug|Any CPU.Deploy.0 = Debug|Any CPU
		{C2423603-953B-4264-A658-DE162F6BEB73}.Release|Any CPU.ActiveCfg = Release|Any CPU
		{C2423603-953B-4264-A658-DE162F6BEB73}.Release|Any CPU.Build.0 = Release|Any CPU
		{C2423603-953B-4264-A658-DE162F6BEB73}.Release|Any CPU.Deploy.0 = Release|Any CPU
	EndGlobalSection
	GlobalSection(SolutionProperties) = preSolution
		HideSolutionNode = FALSE
	EndGlobalSection
	GlobalSection(ExtensibilityGlobals) = postSolution
		SolutionGuid = {F6843445-ADD8-4C88-9EA5-1437506EA606}
	EndGlobalSection
EndGlobal
